
Microsoft Visual Studio Solution File, Format Version 12.00
# Visual Studio Version 17
VisualStudioVersion = 17.9.34723.18
MinimumVisualStudioVersion = 10.0.40219.1
Project("{FAE04EC0-301F-11D3-BF4B-00C04F79EFBC}") = "Conspiracao.API", "Conspiracao.API\Conspiracao.API.csproj", "{7C43AC65-409E-46BE-B1DC-7655DEC81F81}"
EndProject
Project("{FAE04EC0-301F-11D3-BF4B-00C04F79EFBC}") = "Conspiracao.Domain", "Conspiracao.Domain\Conspiracao.Domain.csproj", "{01862F3A-2AE9-44AE-B14E-2AE8F87A7685}"
EndProject
Project("{FAE04EC0-301F-11D3-BF4B-00C04F79EFBC}") = "Conspiracao.Infra.Data", "Conspiracao.Infra.Data\Conspiracao.Infra.Data.csproj", "{5602081E-DBD0-4BE0-A52A-9259E78B5128}"
EndProject
Project("{FAE04EC0-301F-11D3-BF4B-00C04F79EFBC}") = "Conspiracao.Infra.IoC", "Conspiracao.Infra.IoC\Conspiracao.Infra.IoC.csproj", "{87208CEE-861E-49B6-BCA5-380EEF713A0F}"
EndProject
Project("{FAE04EC0-301F-11D3-BF4B-00C04F79EFBC}") = "Conspiracao.Application", "Conspiracao.Application\Conspiracao.Application.csproj", "{C0C1100C-FAAA-4127-889F-46EEF14507C0}"
EndProject
Global
	GlobalSection(SolutionConfigurationPlatforms) = preSolution
		Debug|Any CPU = Debug|Any CPU
		Release|Any CPU = Release|Any CPU
	EndGlobalSection
	GlobalSection(ProjectConfigurationPlatforms) = postSolution
		{7C43AC65-409E-46BE-B1DC-7655DEC81F81}.Debug|Any CPU.ActiveCfg = Debug|Any CPU
		{7C43AC65-409E-46BE-B1DC-7655DEC81F81}.Debug|Any CPU.Build.0 = Debug|Any CPU
		{7C43AC65-409E-46BE-B1DC-7655DEC81F81}.Release|Any CPU.ActiveCfg = Release|Any CPU
		{7C43AC65-409E-46BE-B1DC-7655DEC81F81}.Release|Any CPU.Build.0 = Release|Any CPU
		{01862F3A-2AE9-44AE-B14E-2AE8F87A7685}.Debug|Any CPU.ActiveCfg = Debug|Any CPU
		{01862F3A-2AE9-44AE-B14E-2AE8F87A7685}.Debug|Any CPU.Build.0 = Debug|Any CPU
		{01862F3A-2AE9-44AE-B14E-2AE8F87A7685}.Release|Any CPU.ActiveCfg = Release|Any CPU
		{01862F3A-2AE9-44AE-B14E-2AE8F87A7685}.Release|Any CPU.Build.0 = Release|Any CPU
		{5602081E-DBD0-4BE0-A52A-9259E78B5128}.Debug|Any CPU.ActiveCfg = Debug|Any CPU
		{5602081E-DBD0-4BE0-A52A-9259E78B5128}.Debug|Any CPU.Build.0 = Debug|Any CPU
		{5602081E-DBD0-4BE0-A52A-9259E78B5128}.Release|Any CPU.ActiveCfg = Release|Any CPU
		{5602081E-DBD0-4BE0-A52A-9259E78B5128}.Release|Any CPU.Build.0 = Release|Any CPU
		{87208CEE-861E-49B6-BCA5-380EEF713A0F}.Debug|Any CPU.ActiveCfg = Debug|Any CPU
		{87208CEE-861E-49B6-BCA5-380EEF713A0F}.Debug|Any CPU.Build.0 = Debug|Any CPU
		{87208CEE-861E-49B6-BCA5-380EEF713A0F}.Release|Any CPU.ActiveCfg = Release|Any CPU
		{87208CEE-861E-49B6-BCA5-380EEF713A0F}.Release|Any CPU.Build.0 = Release|Any CPU
		{C0C1100C-FAAA-4127-889F-46EEF14507C0}.Debug|Any CPU.ActiveCfg = Debug|Any CPU
		{C0C1100C-FAAA-4127-889F-46EEF14507C0}.Debug|Any CPU.Build.0 = Debug|Any CPU
		{C0C1100C-FAAA-4127-889F-46EEF14507C0}.Release|Any CPU.ActiveCfg = Release|Any CPU
		{C0C1100C-FAAA-4127-889F-46EEF14507C0}.Release|Any CPU.Build.0 = Release|Any CPU
	EndGlobalSection
	GlobalSection(SolutionProperties) = preSolution
		HideSolutionNode = FALSE
	EndGlobalSection
	GlobalSection(ExtensibilityGlobals) = postSolution
		SolutionGuid = {682BAD98-5C31-4AE7-822B-733047C11E8A}
	EndGlobalSection
EndGlobal
